
Microsoft Visual Studio Solution File, Format Version 12.00
# Visual Studio Version 17
VisualStudioVersion = 17.12.35527.113
MinimumVisualStudioVersion = 10.0.40219.1
Project("{FAE04EC0-301F-11D3-BF4B-00C04F79EFBC}") = "Enemy_creation_ext", "Enemy_creation_ext\Enemy_creation_ext.csproj", "{82254FA0-7AF2-4CBD-A0D9-F9FAC432260D}"
EndProject
Global
	GlobalSection(SolutionConfigurationPlatforms) = preSolution
		Debug|Any CPU = Debug|Any CPU
		Debug|ARM64 = Debug|ARM64
		Debug|x64 = Debug|x64
		Debug|x86 = Debug|x86
		Release|Any CPU = Release|Any CPU
		Release|ARM64 = Release|ARM64
		Release|x64 = Release|x64
		Release|x86 = Release|x86
	EndGlobalSection
	GlobalSection(ProjectConfigurationPlatforms) = postSolution
		{82254FA0-7AF2-4CBD-A0D9-F9FAC432260D}.Debug|Any CPU.ActiveCfg = Debug|Any CPU
		{82254FA0-7AF2-4CBD-A0D9-F9FAC432260D}.Debug|Any CPU.Build.0 = Debug|Any CPU
		{82254FA0-7AF2-4CBD-A0D9-F9FAC432260D}.Debug|ARM64.ActiveCfg = Debug|ARM64
		{82254FA0-7AF2-4CBD-A0D9-F9FAC432260D}.Debug|ARM64.Build.0 = Debug|ARM64
		{82254FA0-7AF2-4CBD-A0D9-F9FAC432260D}.Debug|x64.ActiveCfg = Debug|x64
		{82254FA0-7AF2-4CBD-A0D9-F9FAC432260D}.Debug|x64.Build.0 = Debug|x64
		{82254FA0-7AF2-4CBD-A0D9-F9FAC432260D}.Debug|x86.ActiveCfg = Debug|x86
		{82254FA0-7AF2-4CBD-A0D9-F9FAC432260D}.Debug|x86.Build.0 = Debug|x86
		{82254FA0-7AF2-4CBD-A0D9-F9FAC432260D}.Release|Any CPU.ActiveCfg = Release|Any CPU
		{82254FA0-7AF2-4CBD-A0D9-F9FAC432260D}.Release|Any CPU.Build.0 = Release|Any CPU
		{82254FA0-7AF2-4CBD-A0D9-F9FAC432260D}.Release|ARM64.ActiveCfg = Release|ARM64
		{82254FA0-7AF2-4CBD-A0D9-F9FAC432260D}.Release|ARM64.Build.0 = Release|ARM64
		{82254FA0-7AF2-4CBD-A0D9-F9FAC432260D}.Release|x64.ActiveCfg = Release|x64
		{82254FA0-7AF2-4CBD-A0D9-F9FAC432260D}.Release|x64.Build.0 = Release|x64
		{82254FA0-7AF2-4CBD-A0D9-F9FAC432260D}.Release|x86.ActiveCfg = Release|x86
		{82254FA0-7AF2-4CBD-A0D9-F9FAC432260D}.Release|x86.Build.0 = Release|x86
	EndGlobalSection
	GlobalSection(SolutionProperties) = preSolution
		HideSolutionNode = FALSE
	EndGlobalSection
	GlobalSection(ExtensibilityGlobals) = postSolution
		SolutionGuid = {92DF1CDD-6B64-4F71-9130-270D43353D74}
	EndGlobalSection
EndGlobal
